
Microsoft Visual Studio Solution File, Format Version 12.00
# Visual Studio Version 17
VisualStudioVersion = 17.0.31919.166
MinimumVisualStudioVersion = 10.0.40219.1
Project("{9A19103F-16F7-4668-BE54-9A1E7A4F7556}") = "GenShin_Launcher_Plus", "GenShin_Launcher_Plus\GenShin_Launcher_Plus.csproj", "{354B5362-B9E6-4981-A358-12B0358EEAF0}"
EndProject
Project("{2150E333-8FDC-42A3-9474-1A3956D46DE8}") = "Solution Items", "Solution Items", "{9AACCDB1-6614-4F33-A02E-DCB7CD48E4C5}"
	ProjectSection(SolutionItems) = preProject
		.editorconfig = .editorconfig
	EndProjectSection
EndProject
Global
	GlobalSection(SolutionConfigurationPlatforms) = preSolution
		Debug|Any CPU = Debug|Any CPU
		Debug|x64 = Debug|x64
		Release|Any CPU = Release|Any CPU
		Release|x64 = Release|x64
	EndGlobalSection
	GlobalSection(ProjectConfigurationPlatforms) = postSolution
		{354B5362-B9E6-4981-A358-12B0358EEAF0}.Debug|Any CPU.ActiveCfg = Debug|Any CPU
		{354B5362-B9E6-4981-A358-12B0358EEAF0}.Debug|Any CPU.Build.0 = Debug|Any CPU
		{354B5362-B9E6-4981-A358-12B0358EEAF0}.Debug|x64.ActiveCfg = Debug|x64
		{354B5362-B9E6-4981-A358-12B0358EEAF0}.Debug|x64.Build.0 = Debug|x64
		{354B5362-B9E6-4981-A358-12B0358EEAF0}.Release|Any CPU.ActiveCfg = Release|Any CPU
		{354B5362-B9E6-4981-A358-12B0358EEAF0}.Release|Any CPU.Build.0 = Release|Any CPU
		{354B5362-B9E6-4981-A358-12B0358EEAF0}.Release|x64.ActiveCfg = Release|x64
		{354B5362-B9E6-4981-A358-12B0358EEAF0}.Release|x64.Build.0 = Release|x64
	EndGlobalSection
	GlobalSection(SolutionProperties) = preSolution
		HideSolutionNode = FALSE
	EndGlobalSection
	GlobalSection(ExtensibilityGlobals) = postSolution
		SolutionGuid = {F32C90C2-892A-4BDB-BC88-0FB05C9D7E11}
	EndGlobalSection
EndGlobal
