
Microsoft Visual Studio Solution File, Format Version 12.00
# Visual Studio Version 17
VisualStudioVersion = 17.0.31912.275
MinimumVisualStudioVersion = 10.0.40219.1
Project("{FAE04EC0-301F-11D3-BF4B-00C04F79EFBC}") = "GenShin-LauncherDIY", "GenShin-LauncherDIY\GenShin-LauncherDIY.csproj", "{0559B273-991F-4828-A76A-A02D79DB5A79}"
EndProject
Global
	GlobalSection(SolutionConfigurationPlatforms) = preSolution
		Debug|Any CPU = Debug|Any CPU
		Release|Any CPU = Release|Any CPU
	EndGlobalSection
	GlobalSection(ProjectConfigurationPlatforms) = postSolution
		{0559B273-991F-4828-A76A-A02D79DB5A79}.Debug|Any CPU.ActiveCfg = Debug|Any CPU
		{0559B273-991F-4828-A76A-A02D79DB5A79}.Debug|Any CPU.Build.0 = Debug|Any CPU
		{0559B273-991F-4828-A76A-A02D79DB5A79}.Release|Any CPU.ActiveCfg = Release|Any CPU
		{0559B273-991F-4828-A76A-A02D79DB5A79}.Release|Any CPU.Build.0 = Release|Any CPU
	EndGlobalSection
	GlobalSection(SolutionProperties) = preSolution
		HideSolutionNode = FALSE
	EndGlobalSection
	GlobalSection(ExtensibilityGlobals) = postSolution
		SolutionGuid = {B5B18431-A112-4AED-BD88-17B33C64BF71}
	EndGlobalSection
EndGlobal
